
Microsoft Visual Studio Solution File, Format Version 12.00
# Visual Studio 14
VisualStudioVersion = 14.0.25123.0
MinimumVisualStudioVersion = 10.0.40219.1
Project("{8BB2217D-0F2D-49D1-97BC-3654ED321F3B}") = "TesteTagCache", "TesteTagCache\TesteTagCache.xproj", "{9D9292FE-7A1F-4375-9DE2-02714FF833B5}"
EndProject
Project("{2150E333-8FDC-42A3-9474-1A3956D46DE8}") = "Cache", "Cache", "{C496D166-B815-4C12-A80B-559C483C11AD}"
EndProject
Project("{8BB2217D-0F2D-49D1-97BC-3654ED321F3B}") = "TesteIMemoryCache", "TesteIMemoryCache\TesteIMemoryCache.xproj", "{212360C8-0FBA-46C7-A441-026C2D265412}"
EndProject
Project("{8BB2217D-0F2D-49D1-97BC-3654ED321F3B}") = "TesteAtributoResponseCache", "TesteAtributoResponseCache\TesteAtributoResponseCache.xproj", "{F3703E62-493E-4E11-9F6C-57E8A3851F97}"
EndProject
Project("{2150E333-8FDC-42A3-9474-1A3956D46DE8}") = "InjecaoDependencias", "InjecaoDependencias", "{5EC1BB1C-BDF4-4FD2-92E0-F67571C225A7}"
EndProject
Project("{8BB2217D-0F2D-49D1-97BC-3654ED321F3B}") = "TesteInjDependencia", "TesteInjDependencia\TesteInjDependencia.xproj", "{733ED973-80E2-4BA0-A411-5CA83CC773FD}"
EndProject
Project("{2150E333-8FDC-42A3-9474-1A3956D46DE8}") = "TagHelpers", "TagHelpers", "{21B20047-5232-4FAF-8D52-BAB76F2EF5CF}"
EndProject
Project("{8BB2217D-0F2D-49D1-97BC-3654ED321F3B}") = "TesteTagHelpers", "TesteTagHelpers\TesteTagHelpers.xproj", "{0AF9647F-4362-4BE2-ACAF-3196C3A2CD73}"
EndProject
Project("{8BB2217D-0F2D-49D1-97BC-3654ED321F3B}") = "TesteCustomTagHelper", "TesteCustomTagHelper\TesteCustomTagHelper.xproj", "{0010F715-8F02-4EF0-AEEB-8118ED0180C9}"
EndProject
Project("{8BB2217D-0F2D-49D1-97BC-3654ED321F3B}") = "TesteImageTagHelper", "TesteImageTagHelper\TesteImageTagHelper.xproj", "{BE0A44EE-363B-4F9A-982F-34ABE1237034}"
EndProject
Project("{2150E333-8FDC-42A3-9474-1A3956D46DE8}") = "ViewComponents", "ViewComponents", "{83E365C2-3632-4F2F-BDA1-29E4754A683C}"
EndProject
Project("{8BB2217D-0F2D-49D1-97BC-3654ED321F3B}") = "TesteViewComponents", "TesteViewComponents\TesteViewComponents.xproj", "{5F42CBCF-E5B4-43B7-8ECD-46CEB7D3EB84}"
EndProject
Project("{2150E333-8FDC-42A3-9474-1A3956D46DE8}") = "Configuracoes", "Configuracoes", "{0ED676E0-9F06-485A-B29D-EB83319543EE}"
EndProject
Project("{2150E333-8FDC-42A3-9474-1A3956D46DE8}") = "WebAPI", "WebAPI", "{FE732E5A-8531-4B81-BFD9-B929563D6663}"
EndProject
Project("{8BB2217D-0F2D-49D1-97BC-3654ED321F3B}") = "TesteWebAPI", "TesteWebAPI\TesteWebAPI.xproj", "{B6327176-7ACE-4683-B33F-19DED194378D}"
EndProject
Project("{8BB2217D-0F2D-49D1-97BC-3654ED321F3B}") = "TesteConfig", "TesteConfig\TesteConfig.xproj", "{EDD8896A-366B-4D1F-AEC7-04534F85A289}"
EndProject
Project("{2150E333-8FDC-42A3-9474-1A3956D46DE8}") = "JSON", "JSON", "{8927FCE7-B013-4759-B092-38125927D1B3}"
EndProject
Project("{8BB2217D-0F2D-49D1-97BC-3654ED321F3B}") = "TesteJSONHelper", "TesteJSONHelper\TesteJSONHelper.xproj", "{953DDA05-EA81-43E2-882C-9E72BD9CC941}"
EndProject
Project("{2150E333-8FDC-42A3-9474-1A3956D46DE8}") = "EntityFramework", "EntityFramework", "{D0E2FEEA-3369-4C71-A5E3-76322532C840}"
EndProject
Project("{8BB2217D-0F2D-49D1-97BC-3654ED321F3B}") = "TesteEFCore", "TesteEFCore\src\TesteEFCore\TesteEFCore.xproj", "{C796CCB5-A01C-46E2-9009-2804168EACEB}"
EndProject
Global
	GlobalSection(SolutionConfigurationPlatforms) = preSolution
		Debug|Any CPU = Debug|Any CPU
		Release|Any CPU = Release|Any CPU
	EndGlobalSection
	GlobalSection(ProjectConfigurationPlatforms) = postSolution
		{9D9292FE-7A1F-4375-9DE2-02714FF833B5}.Debug|Any CPU.ActiveCfg = Debug|Any CPU
		{9D9292FE-7A1F-4375-9DE2-02714FF833B5}.Debug|Any CPU.Build.0 = Debug|Any CPU
		{9D9292FE-7A1F-4375-9DE2-02714FF833B5}.Release|Any CPU.ActiveCfg = Release|Any CPU
		{9D9292FE-7A1F-4375-9DE2-02714FF833B5}.Release|Any CPU.Build.0 = Release|Any CPU
		{212360C8-0FBA-46C7-A441-026C2D265412}.Debug|Any CPU.ActiveCfg = Debug|Any CPU
		{212360C8-0FBA-46C7-A441-026C2D265412}.Debug|Any CPU.Build.0 = Debug|Any CPU
		{212360C8-0FBA-46C7-A441-026C2D265412}.Release|Any CPU.ActiveCfg = Release|Any CPU
		{212360C8-0FBA-46C7-A441-026C2D265412}.Release|Any CPU.Build.0 = Release|Any CPU
		{F3703E62-493E-4E11-9F6C-57E8A3851F97}.Debug|Any CPU.ActiveCfg = Debug|Any CPU
		{F3703E62-493E-4E11-9F6C-57E8A3851F97}.Debug|Any CPU.Build.0 = Debug|Any CPU
		{F3703E62-493E-4E11-9F6C-57E8A3851F97}.Release|Any CPU.ActiveCfg = Release|Any CPU
		{F3703E62-493E-4E11-9F6C-57E8A3851F97}.Release|Any CPU.Build.0 = Release|Any CPU
		{733ED973-80E2-4BA0-A411-5CA83CC773FD}.Debug|Any CPU.ActiveCfg = Debug|Any CPU
		{733ED973-80E2-4BA0-A411-5CA83CC773FD}.Debug|Any CPU.Build.0 = Debug|Any CPU
		{733ED973-80E2-4BA0-A411-5CA83CC773FD}.Release|Any CPU.ActiveCfg = Release|Any CPU
		{733ED973-80E2-4BA0-A411-5CA83CC773FD}.Release|Any CPU.Build.0 = Release|Any CPU
		{0AF9647F-4362-4BE2-ACAF-3196C3A2CD73}.Debug|Any CPU.ActiveCfg = Debug|Any CPU
		{0AF9647F-4362-4BE2-ACAF-3196C3A2CD73}.Debug|Any CPU.Build.0 = Debug|Any CPU
		{0AF9647F-4362-4BE2-ACAF-3196C3A2CD73}.Release|Any CPU.ActiveCfg = Release|Any CPU
		{0AF9647F-4362-4BE2-ACAF-3196C3A2CD73}.Release|Any CPU.Build.0 = Release|Any CPU
		{0010F715-8F02-4EF0-AEEB-8118ED0180C9}.Debug|Any CPU.ActiveCfg = Debug|Any CPU
		{0010F715-8F02-4EF0-AEEB-8118ED0180C9}.Debug|Any CPU.Build.0 = Debug|Any CPU
		{0010F715-8F02-4EF0-AEEB-8118ED0180C9}.Release|Any CPU.ActiveCfg = Release|Any CPU
		{0010F715-8F02-4EF0-AEEB-8118ED0180C9}.Release|Any CPU.Build.0 = Release|Any CPU
		{BE0A44EE-363B-4F9A-982F-34ABE1237034}.Debug|Any CPU.ActiveCfg = Debug|Any CPU
		{BE0A44EE-363B-4F9A-982F-34ABE1237034}.Debug|Any CPU.Build.0 = Debug|Any CPU
		{BE0A44EE-363B-4F9A-982F-34ABE1237034}.Release|Any CPU.ActiveCfg = Release|Any CPU
		{BE0A44EE-363B-4F9A-982F-34ABE1237034}.Release|Any CPU.Build.0 = Release|Any CPU
		{5F42CBCF-E5B4-43B7-8ECD-46CEB7D3EB84}.Debug|Any CPU.ActiveCfg = Debug|Any CPU
		{5F42CBCF-E5B4-43B7-8ECD-46CEB7D3EB84}.Debug|Any CPU.Build.0 = Debug|Any CPU
		{5F42CBCF-E5B4-43B7-8ECD-46CEB7D3EB84}.Release|Any CPU.ActiveCfg = Release|Any CPU
		{5F42CBCF-E5B4-43B7-8ECD-46CEB7D3EB84}.Release|Any CPU.Build.0 = Release|Any CPU
		{B6327176-7ACE-4683-B33F-19DED194378D}.Debug|Any CPU.ActiveCfg = Debug|Any CPU
		{B6327176-7ACE-4683-B33F-19DED194378D}.Debug|Any CPU.Build.0 = Debug|Any CPU
		{B6327176-7ACE-4683-B33F-19DED194378D}.Release|Any CPU.ActiveCfg = Release|Any CPU
		{B6327176-7ACE-4683-B33F-19DED194378D}.Release|Any CPU.Build.0 = Release|Any CPU
		{EDD8896A-366B-4D1F-AEC7-04534F85A289}.Debug|Any CPU.ActiveCfg = Debug|Any CPU
		{EDD8896A-366B-4D1F-AEC7-04534F85A289}.Debug|Any CPU.Build.0 = Debug|Any CPU
		{EDD8896A-366B-4D1F-AEC7-04534F85A289}.Release|Any CPU.ActiveCfg = Release|Any CPU
		{EDD8896A-366B-4D1F-AEC7-04534F85A289}.Release|Any CPU.Build.0 = Release|Any CPU
		{953DDA05-EA81-43E2-882C-9E72BD9CC941}.Debug|Any CPU.ActiveCfg = Debug|Any CPU
		{953DDA05-EA81-43E2-882C-9E72BD9CC941}.Debug|Any CPU.Build.0 = Debug|Any CPU
		{953DDA05-EA81-43E2-882C-9E72BD9CC941}.Release|Any CPU.ActiveCfg = Release|Any CPU
		{953DDA05-EA81-43E2-882C-9E72BD9CC941}.Release|Any CPU.Build.0 = Release|Any CPU
		{C796CCB5-A01C-46E2-9009-2804168EACEB}.Debug|Any CPU.ActiveCfg = Debug|Any CPU
		{C796CCB5-A01C-46E2-9009-2804168EACEB}.Debug|Any CPU.Build.0 = Debug|Any CPU
		{C796CCB5-A01C-46E2-9009-2804168EACEB}.Release|Any CPU.ActiveCfg = Release|Any CPU
		{C796CCB5-A01C-46E2-9009-2804168EACEB}.Release|Any CPU.Build.0 = Release|Any CPU
	EndGlobalSection
	GlobalSection(SolutionProperties) = preSolution
		HideSolutionNode = FALSE
	EndGlobalSection
	GlobalSection(NestedProjects) = preSolution
		{9D9292FE-7A1F-4375-9DE2-02714FF833B5} = {C496D166-B815-4C12-A80B-559C483C11AD}
		{212360C8-0FBA-46C7-A441-026C2D265412} = {C496D166-B815-4C12-A80B-559C483C11AD}
		{F3703E62-493E-4E11-9F6C-57E8A3851F97} = {C496D166-B815-4C12-A80B-559C483C11AD}
		{733ED973-80E2-4BA0-A411-5CA83CC773FD} = {5EC1BB1C-BDF4-4FD2-92E0-F67571C225A7}
		{0AF9647F-4362-4BE2-ACAF-3196C3A2CD73} = {21B20047-5232-4FAF-8D52-BAB76F2EF5CF}
		{0010F715-8F02-4EF0-AEEB-8118ED0180C9} = {21B20047-5232-4FAF-8D52-BAB76F2EF5CF}
		{BE0A44EE-363B-4F9A-982F-34ABE1237034} = {21B20047-5232-4FAF-8D52-BAB76F2EF5CF}
		{5F42CBCF-E5B4-43B7-8ECD-46CEB7D3EB84} = {83E365C2-3632-4F2F-BDA1-29E4754A683C}
		{B6327176-7ACE-4683-B33F-19DED194378D} = {FE732E5A-8531-4B81-BFD9-B929563D6663}
		{EDD8896A-366B-4D1F-AEC7-04534F85A289} = {0ED676E0-9F06-485A-B29D-EB83319543EE}
		{953DDA05-EA81-43E2-882C-9E72BD9CC941} = {8927FCE7-B013-4759-B092-38125927D1B3}
		{C796CCB5-A01C-46E2-9009-2804168EACEB} = {D0E2FEEA-3369-4C71-A5E3-76322532C840}
	EndGlobalSection
EndGlobal
